// !$*UTF8*$!
{
	archiveVersion = 1;
	classes = {
	};
	objectVersion = 50;
	objects = {

/* Begin PBXBuildFile section */
		230407D22258F5AF0022705D /* GoogleService-Info.plist in Resources */ = {isa = PBXBuildFile; fileRef = 230407D12258F5AE0022705D /* GoogleService-Info.plist */; };
		23DF01A6224BDA3E00164156 /* AppDelegate.swift in Sources */ = {isa = PBXBuildFile; fileRef = 23DF01A5224BDA3E00164156 /* AppDelegate.swift */; };
		23DF01A8224BDA3E00164156 /* FirstViewController.swift in Sources */ = {isa = PBXBuildFile; fileRef = 23DF01A7224BDA3E00164156 /* FirstViewController.swift */; };
		23DF01AA224BDA3E00164156 /* SecondViewController.swift in Sources */ = {isa = PBXBuildFile; fileRef = 23DF01A9224BDA3E00164156 /* SecondViewController.swift */; };
		23DF01AD224BDA3E00164156 /* Tabs.storyboard in Resources */ = {isa = PBXBuildFile; fileRef = 23DF01AB224BDA3E00164156 /* Tabs.storyboard */; };
		23DF01AF224BDA4200164156 /* Assets.xcassets in Resources */ = {isa = PBXBuildFile; fileRef = 23DF01AE224BDA4200164156 /* Assets.xcassets */; };
		23DF01B2224BDA4200164156 /* LaunchScreen.storyboard in Resources */ = {isa = PBXBuildFile; fileRef = 23DF01B0224BDA4200164156 /* LaunchScreen.storyboard */; };
		23DF01BA224BDEC700164156 /* AnimatedUITabBarController.swift in Sources */ = {isa = PBXBuildFile; fileRef = 23DF01B9224BDEC700164156 /* AnimatedUITabBarController.swift */; };
		6C5559F622593C4300B2D89F /* Transaction.swift in Sources */ = {isa = PBXBuildFile; fileRef = 6C5559F522593C4300B2D89F /* Transaction.swift */; };
		6C5559F8225945DD00B2D89F /* Category.swift in Sources */ = {isa = PBXBuildFile; fileRef = 6C5559F7225945DD00B2D89F /* Category.swift */; };
		6C5559FA22595A6300B2D89F /* TransactionType.swift in Sources */ = {isa = PBXBuildFile; fileRef = 6C5559F922595A6300B2D89F /* TransactionType.swift */; };
		23EE3A31225FA34800F25A72 /* Main.storyboard in Resources */ = {isa = PBXBuildFile; fileRef = 23EE3A30225FA34800F25A72 /* Main.storyboard */; };
		23EE3A33225FA76100F25A72 /* LoginViewController.swift in Sources */ = {isa = PBXBuildFile; fileRef = 23EE3A32225FA76100F25A72 /* LoginViewController.swift */; };
		6C602C832258EA0F00DD81C1 /* Transactions.storyboard in Resources */ = {isa = PBXBuildFile; fileRef = 6C602C822258EA0F00DD81C1 /* Transactions.storyboard */; };
		6C602C852258EB1B00DD81C1 /* Report.storyboard in Resources */ = {isa = PBXBuildFile; fileRef = 6C602C842258EB1B00DD81C1 /* Report.storyboard */; };
		6C602C872258EC0E00DD81C1 /* Settings.storyboard in Resources */ = {isa = PBXBuildFile; fileRef = 6C602C862258EC0E00DD81C1 /* Settings.storyboard */; };
		6C84007F2258FA900029D6AF /* TransactionsTableViewController.swift in Sources */ = {isa = PBXBuildFile; fileRef = 6C84007E2258FA900029D6AF /* TransactionsTableViewController.swift */; };
		6CD667B9226068BF00D489EC /* TransactionDetailsViewController.swift in Sources */ = {isa = PBXBuildFile; fileRef = 6CD667B8226068BF00D489EC /* TransactionDetailsViewController.swift */; };
		90D36909A1D7E0C1D8F24F96 /* Pods_PV239_project.framework in Frameworks */ = {isa = PBXBuildFile; fileRef = D1CCCB2CA82F65EDC2203F8C /* Pods_PV239_project.framework */; };
/* End PBXBuildFile section */

/* Begin PBXFileReference section */
		230407D12258F5AE0022705D /* GoogleService-Info.plist */ = {isa = PBXFileReference; fileEncoding = 4; lastKnownFileType = text.plist.xml; path = "GoogleService-Info.plist"; sourceTree = "<group>"; };
		23DF01A2224BDA3E00164156 /* PV239 project.app */ = {isa = PBXFileReference; explicitFileType = wrapper.application; includeInIndex = 0; path = "PV239 project.app"; sourceTree = BUILT_PRODUCTS_DIR; };
		23DF01A5224BDA3E00164156 /* AppDelegate.swift */ = {isa = PBXFileReference; lastKnownFileType = sourcecode.swift; path = AppDelegate.swift; sourceTree = "<group>"; };
		23DF01A7224BDA3E00164156 /* FirstViewController.swift */ = {isa = PBXFileReference; lastKnownFileType = sourcecode.swift; path = FirstViewController.swift; sourceTree = "<group>"; };
		23DF01A9224BDA3E00164156 /* SecondViewController.swift */ = {isa = PBXFileReference; lastKnownFileType = sourcecode.swift; path = SecondViewController.swift; sourceTree = "<group>"; };
		23DF01AC224BDA3E00164156 /* Base */ = {isa = PBXFileReference; lastKnownFileType = file.storyboard; name = Base; path = Base.lproj/Tabs.storyboard; sourceTree = "<group>"; };
		23DF01AE224BDA4200164156 /* Assets.xcassets */ = {isa = PBXFileReference; lastKnownFileType = folder.assetcatalog; path = Assets.xcassets; sourceTree = "<group>"; };
		23DF01B1224BDA4200164156 /* Base */ = {isa = PBXFileReference; lastKnownFileType = file.storyboard; name = Base; path = Base.lproj/LaunchScreen.storyboard; sourceTree = "<group>"; };
		23DF01B3224BDA4200164156 /* Info.plist */ = {isa = PBXFileReference; lastKnownFileType = text.plist.xml; path = Info.plist; sourceTree = "<group>"; };
		23DF01B9224BDEC700164156 /* AnimatedUITabBarController.swift */ = {isa = PBXFileReference; lastKnownFileType = sourcecode.swift; path = AnimatedUITabBarController.swift; sourceTree = "<group>"; };
		23EE3A30225FA34800F25A72 /* Main.storyboard */ = {isa = PBXFileReference; lastKnownFileType = file.storyboard; path = Main.storyboard; sourceTree = "<group>"; };
		23EE3A32225FA76100F25A72 /* LoginViewController.swift */ = {isa = PBXFileReference; lastKnownFileType = sourcecode.swift; path = LoginViewController.swift; sourceTree = "<group>"; };
		413DB36B881C038478387161 /* Pods-PV239 project.release.xcconfig */ = {isa = PBXFileReference; includeInIndex = 1; lastKnownFileType = text.xcconfig; name = "Pods-PV239 project.release.xcconfig"; path = "Pods/Target Support Files/Pods-PV239 project/Pods-PV239 project.release.xcconfig"; sourceTree = "<group>"; };
		514327CE16E4EA63DA7EDA5F /* Pods-PV239 project.debug.xcconfig */ = {isa = PBXFileReference; includeInIndex = 1; lastKnownFileType = text.xcconfig; name = "Pods-PV239 project.debug.xcconfig"; path = "Pods/Target Support Files/Pods-PV239 project/Pods-PV239 project.debug.xcconfig"; sourceTree = "<group>"; };
		6C5559F522593C4300B2D89F /* Transaction.swift */ = {isa = PBXFileReference; lastKnownFileType = sourcecode.swift; path = Transaction.swift; sourceTree = "<group>"; };
		6C5559F7225945DD00B2D89F /* Category.swift */ = {isa = PBXFileReference; lastKnownFileType = sourcecode.swift; path = Category.swift; sourceTree = "<group>"; };
		6C5559F922595A6300B2D89F /* TransactionType.swift */ = {isa = PBXFileReference; lastKnownFileType = sourcecode.swift; path = TransactionType.swift; sourceTree = "<group>"; };
		6C602C822258EA0F00DD81C1 /* Transactions.storyboard */ = {isa = PBXFileReference; lastKnownFileType = file.storyboard; path = Transactions.storyboard; sourceTree = "<group>"; };
		6C602C842258EB1B00DD81C1 /* Report.storyboard */ = {isa = PBXFileReference; lastKnownFileType = file.storyboard; path = Report.storyboard; sourceTree = "<group>"; };
		6C602C862258EC0E00DD81C1 /* Settings.storyboard */ = {isa = PBXFileReference; lastKnownFileType = file.storyboard; path = Settings.storyboard; sourceTree = "<group>"; };
		6C84007E2258FA900029D6AF /* TransactionsTableViewController.swift */ = {isa = PBXFileReference; lastKnownFileType = sourcecode.swift; path = TransactionsTableViewController.swift; sourceTree = "<group>"; };
		6CD667B8226068BF00D489EC /* TransactionDetailsViewController.swift */ = {isa = PBXFileReference; lastKnownFileType = sourcecode.swift; path = TransactionDetailsViewController.swift; sourceTree = "<group>"; };
		D1CCCB2CA82F65EDC2203F8C /* Pods_PV239_project.framework */ = {isa = PBXFileReference; explicitFileType = wrapper.framework; includeInIndex = 0; path = Pods_PV239_project.framework; sourceTree = BUILT_PRODUCTS_DIR; };
/* End PBXFileReference section */

/* Begin PBXFrameworksBuildPhase section */
		23DF019F224BDA3E00164156 /* Frameworks */ = {
			isa = PBXFrameworksBuildPhase;
			buildActionMask = 2147483647;
			files = (
				90D36909A1D7E0C1D8F24F96 /* Pods_PV239_project.framework in Frameworks */,
			);
			runOnlyForDeploymentPostprocessing = 0;
		};
/* End PBXFrameworksBuildPhase section */

/* Begin PBXGroup section */
		23DF0199224BDA3E00164156 = {
			isa = PBXGroup;
			children = (
				23DF01A4224BDA3E00164156 /* PV239 project */,
				23DF01A3224BDA3E00164156 /* Products */,
				33647F866261BAFF169D1182 /* Pods */,
				3D8CDD25BEC6CC76FB60C6D0 /* Frameworks */,
			);
			sourceTree = "<group>";
		};
		23DF01A3224BDA3E00164156 /* Products */ = {
			isa = PBXGroup;
			children = (
				23DF01A2224BDA3E00164156 /* PV239 project.app */,
			);
			name = Products;
			sourceTree = "<group>";
		};
		23DF01A4224BDA3E00164156 /* PV239 project */ = {
			isa = PBXGroup;
			children = (
				6C5559F422593C1200B2D89F /* Models */,
				23DF01BB224BDED400164156 /* Controllers */,
				23DF01A5224BDA3E00164156 /* AppDelegate.swift */,
				6C602C812258E9EA00DD81C1 /* Storyboards */,
				23DF01AE224BDA4200164156 /* Assets.xcassets */,
				23DF01B0224BDA4200164156 /* LaunchScreen.storyboard */,
				23DF01B3224BDA4200164156 /* Info.plist */,
				230407D12258F5AE0022705D /* GoogleService-Info.plist */,
			);
			path = "PV239 project";
			sourceTree = "<group>";
		};
		23DF01BB224BDED400164156 /* Controllers */ = {
			isa = PBXGroup;
			children = (
				23DF01A7224BDA3E00164156 /* FirstViewController.swift */,
				23DF01A9224BDA3E00164156 /* SecondViewController.swift */,
				23DF01B9224BDEC700164156 /* AnimatedUITabBarController.swift */,
				6C84007E2258FA900029D6AF /* TransactionsTableViewController.swift */,
				6CD667B8226068BF00D489EC /* TransactionDetailsViewController.swift */,
				23EE3A32225FA76100F25A72 /* LoginViewController.swift */,
			);
			path = Controllers;
			sourceTree = "<group>";
		};
		33647F866261BAFF169D1182 /* Pods */ = {
			isa = PBXGroup;
			children = (
				514327CE16E4EA63DA7EDA5F /* Pods-PV239 project.debug.xcconfig */,
				413DB36B881C038478387161 /* Pods-PV239 project.release.xcconfig */,
			);
			name = Pods;
			sourceTree = "<group>";
		};
		3D8CDD25BEC6CC76FB60C6D0 /* Frameworks */ = {
			isa = PBXGroup;
			children = (
				D1CCCB2CA82F65EDC2203F8C /* Pods_PV239_project.framework */,
			);
			name = Frameworks;
			sourceTree = "<group>";
		};
		6C5559F422593C1200B2D89F /* Models */ = {
			isa = PBXGroup;
			children = (
				6C5559F522593C4300B2D89F /* Transaction.swift */,
				6C5559F7225945DD00B2D89F /* Category.swift */,
				6C5559F922595A6300B2D89F /* TransactionType.swift */,
			);
			path = Models;
			sourceTree = "<group>";
		};
		6C602C812258E9EA00DD81C1 /* Storyboards */ = {
			isa = PBXGroup;
			children = (
				23DF01AB224BDA3E00164156 /* Tabs.storyboard */,
				6C602C822258EA0F00DD81C1 /* Transactions.storyboard */,
				6C602C842258EB1B00DD81C1 /* Report.storyboard */,
				6C602C862258EC0E00DD81C1 /* Settings.storyboard */,
				23EE3A30225FA34800F25A72 /* Main.storyboard */,
			);
			path = Storyboards;
			sourceTree = "<group>";
		};
/* End PBXGroup section */

/* Begin PBXNativeTarget section */
		23DF01A1224BDA3E00164156 /* PV239 project */ = {
			isa = PBXNativeTarget;
			buildConfigurationList = 23DF01B6224BDA4200164156 /* Build configuration list for PBXNativeTarget "PV239 project" */;
			buildPhases = (
				180F859A739BEA186E784E0D /* [CP] Check Pods Manifest.lock */,
				23DF019E224BDA3E00164156 /* Sources */,
				23DF019F224BDA3E00164156 /* Frameworks */,
				23DF01A0224BDA3E00164156 /* Resources */,
				B71CEAC9AEFD83FBD6030B48 /* [CP] Embed Pods Frameworks */,
				0680DA5E11D62C019DA564BE /* [CP] Copy Pods Resources */,
			);
			buildRules = (
			);
			dependencies = (
			);
			name = "PV239 project";
			productName = "PV239 project";
			productReference = 23DF01A2224BDA3E00164156 /* PV239 project.app */;
			productType = "com.apple.product-type.application";
		};
/* End PBXNativeTarget section */

/* Begin PBXProject section */
		23DF019A224BDA3E00164156 /* Project object */ = {
			isa = PBXProject;
			attributes = {
				LastSwiftUpdateCheck = 0940;
				LastUpgradeCheck = 0940;
				ORGANIZATIONNAME = "Jan Crha";
				TargetAttributes = {
					23DF01A1224BDA3E00164156 = {
						CreatedOnToolsVersion = 9.4.1;
					};
				};
			};
			buildConfigurationList = 23DF019D224BDA3E00164156 /* Build configuration list for PBXProject "PV239 project" */;
			compatibilityVersion = "Xcode 9.3";
			developmentRegion = en;
			hasScannedForEncodings = 0;
			knownRegions = (
				en,
				Base,
			);
			mainGroup = 23DF0199224BDA3E00164156;
			productRefGroup = 23DF01A3224BDA3E00164156 /* Products */;
			projectDirPath = "";
			projectRoot = "";
			targets = (
				23DF01A1224BDA3E00164156 /* PV239 project */,
			);
		};
/* End PBXProject section */

/* Begin PBXResourcesBuildPhase section */
		23DF01A0224BDA3E00164156 /* Resources */ = {
			isa = PBXResourcesBuildPhase;
			buildActionMask = 2147483647;
			files = (
				23EE3A31225FA34800F25A72 /* Main.storyboard in Resources */,
				23DF01B2224BDA4200164156 /* LaunchScreen.storyboard in Resources */,
				230407D22258F5AF0022705D /* GoogleService-Info.plist in Resources */,
				23DF01AF224BDA4200164156 /* Assets.xcassets in Resources */,
				23DF01AD224BDA3E00164156 /* Tabs.storyboard in Resources */,
				6C602C872258EC0E00DD81C1 /* Settings.storyboard in Resources */,
				6C602C832258EA0F00DD81C1 /* Transactions.storyboard in Resources */,
				6C602C852258EB1B00DD81C1 /* Report.storyboard in Resources */,
			);
			runOnlyForDeploymentPostprocessing = 0;
		};
/* End PBXResourcesBuildPhase section */

/* Begin PBXShellScriptBuildPhase section */
		0680DA5E11D62C019DA564BE /* [CP] Copy Pods Resources */ = {
			isa = PBXShellScriptBuildPhase;
			buildActionMask = 2147483647;
			files = (
			);
			inputPaths = (
				"${SRCROOT}/Pods/Target Support Files/Pods-PV239 project/Pods-PV239 project-resources.sh",
				"${PODS_CONFIGURATION_BUILD_DIR}/FirebaseUI/FirebaseAuthUI.bundle",
				"${PODS_CONFIGURATION_BUILD_DIR}/FirebaseUI/FirebaseEmailAuthUI.bundle",
			);
			name = "[CP] Copy Pods Resources";
			outputPaths = (
				"${TARGET_BUILD_DIR}/${UNLOCALIZED_RESOURCES_FOLDER_PATH}/FirebaseAuthUI.bundle",
				"${TARGET_BUILD_DIR}/${UNLOCALIZED_RESOURCES_FOLDER_PATH}/FirebaseEmailAuthUI.bundle",
			);
			runOnlyForDeploymentPostprocessing = 0;
			shellPath = /bin/sh;
			shellScript = "\"${SRCROOT}/Pods/Target Support Files/Pods-PV239 project/Pods-PV239 project-resources.sh\"\n";
			showEnvVarsInLog = 0;
		};
		180F859A739BEA186E784E0D /* [CP] Check Pods Manifest.lock */ = {
			isa = PBXShellScriptBuildPhase;
			buildActionMask = 2147483647;
			files = (
			);
			inputPaths = (
				"${PODS_PODFILE_DIR_PATH}/Podfile.lock",
				"${PODS_ROOT}/Manifest.lock",
			);
			name = "[CP] Check Pods Manifest.lock";
			outputPaths = (
				"$(DERIVED_FILE_DIR)/Pods-PV239 project-checkManifestLockResult.txt",
			);
			runOnlyForDeploymentPostprocessing = 0;
			shellPath = /bin/sh;
			shellScript = "diff \"${PODS_PODFILE_DIR_PATH}/Podfile.lock\" \"${PODS_ROOT}/Manifest.lock\" > /dev/null\nif [ $? != 0 ] ; then\n    # print error to STDERR\n    echo \"error: The sandbox is not in sync with the Podfile.lock. Run 'pod install' or update your CocoaPods installation.\" >&2\n    exit 1\nfi\n# This output is used by Xcode 'outputs' to avoid re-running this script phase.\necho \"SUCCESS\" > \"${SCRIPT_OUTPUT_FILE_0}\"\n";
			showEnvVarsInLog = 0;
		};
		B71CEAC9AEFD83FBD6030B48 /* [CP] Embed Pods Frameworks */ = {
			isa = PBXShellScriptBuildPhase;
			buildActionMask = 2147483647;
			files = (
			);
			inputPaths = (
				"${SRCROOT}/Pods/Target Support Files/Pods-PV239 project/Pods-PV239 project-frameworks.sh",
				"${BUILT_PRODUCTS_DIR}/BoringSSL/openssl.framework",
				"${BUILT_PRODUCTS_DIR}/GTMSessionFetcher/GTMSessionFetcher.framework",
				"${BUILT_PRODUCTS_DIR}/GoogleToolboxForMac/GoogleToolboxForMac.framework",
				"${BUILT_PRODUCTS_DIR}/GoogleUtilities/GoogleUtilities.framework",
				"${BUILT_PRODUCTS_DIR}/Protobuf/Protobuf.framework",
				"${BUILT_PRODUCTS_DIR}/gRPC/GRPCClient.framework",
				"${BUILT_PRODUCTS_DIR}/gRPC-Core/grpc.framework",
				"${BUILT_PRODUCTS_DIR}/gRPC-ProtoRPC/ProtoRPC.framework",
				"${BUILT_PRODUCTS_DIR}/gRPC-RxLibrary/RxLibrary.framework",
				"${BUILT_PRODUCTS_DIR}/leveldb-library/leveldb.framework",
				"${BUILT_PRODUCTS_DIR}/nanopb/nanopb.framework",
			);
			name = "[CP] Embed Pods Frameworks";
			outputPaths = (
				"${TARGET_BUILD_DIR}/${FRAMEWORKS_FOLDER_PATH}/openssl.framework",
				"${TARGET_BUILD_DIR}/${FRAMEWORKS_FOLDER_PATH}/GTMSessionFetcher.framework",
				"${TARGET_BUILD_DIR}/${FRAMEWORKS_FOLDER_PATH}/GoogleToolboxForMac.framework",
				"${TARGET_BUILD_DIR}/${FRAMEWORKS_FOLDER_PATH}/GoogleUtilities.framework",
				"${TARGET_BUILD_DIR}/${FRAMEWORKS_FOLDER_PATH}/Protobuf.framework",
				"${TARGET_BUILD_DIR}/${FRAMEWORKS_FOLDER_PATH}/GRPCClient.framework",
				"${TARGET_BUILD_DIR}/${FRAMEWORKS_FOLDER_PATH}/grpc.framework",
				"${TARGET_BUILD_DIR}/${FRAMEWORKS_FOLDER_PATH}/ProtoRPC.framework",
				"${TARGET_BUILD_DIR}/${FRAMEWORKS_FOLDER_PATH}/RxLibrary.framework",
				"${TARGET_BUILD_DIR}/${FRAMEWORKS_FOLDER_PATH}/leveldb.framework",
				"${TARGET_BUILD_DIR}/${FRAMEWORKS_FOLDER_PATH}/nanopb.framework",
			);
			runOnlyForDeploymentPostprocessing = 0;
			shellPath = /bin/sh;
			shellScript = "\"${SRCROOT}/Pods/Target Support Files/Pods-PV239 project/Pods-PV239 project-frameworks.sh\"\n";
			showEnvVarsInLog = 0;
		};
/* End PBXShellScriptBuildPhase section */

/* Begin PBXSourcesBuildPhase section */
		23DF019E224BDA3E00164156 /* Sources */ = {
			isa = PBXSourcesBuildPhase;
			buildActionMask = 2147483647;
			files = (
				6C5559FA22595A6300B2D89F /* TransactionType.swift in Sources */,
				6CD667B9226068BF00D489EC /* TransactionDetailsViewController.swift in Sources */,
				23EE3A33225FA76100F25A72 /* LoginViewController.swift in Sources */,
				6C84007F2258FA900029D6AF /* TransactionsTableViewController.swift in Sources */,
				6C5559F8225945DD00B2D89F /* Category.swift in Sources */,
				23DF01BA224BDEC700164156 /* AnimatedUITabBarController.swift in Sources */,
				6C5559F622593C4300B2D89F /* Transaction.swift in Sources */,
				23DF01AA224BDA3E00164156 /* SecondViewController.swift in Sources */,
				23DF01A6224BDA3E00164156 /* AppDelegate.swift in Sources */,
				23DF01A8224BDA3E00164156 /* FirstViewController.swift in Sources */,
			);
			runOnlyForDeploymentPostprocessing = 0;
		};
/* End PBXSourcesBuildPhase section */

/* Begin PBXVariantGroup section */
		23DF01AB224BDA3E00164156 /* Tabs.storyboard */ = {
			isa = PBXVariantGroup;
			children = (
				23DF01AC224BDA3E00164156 /* Base */,
			);
			name = Tabs.storyboard;
			sourceTree = "<group>";
		};
		23DF01B0224BDA4200164156 /* LaunchScreen.storyboard */ = {
			isa = PBXVariantGroup;
			children = (
				23DF01B1224BDA4200164156 /* Base */,
			);
			name = LaunchScreen.storyboard;
			sourceTree = "<group>";
		};
/* End PBXVariantGroup section */

/* Begin XCBuildConfiguration section */
		23DF01B4224BDA4200164156 /* Debug */ = {
			isa = XCBuildConfiguration;
			buildSettings = {
				ALWAYS_SEARCH_USER_PATHS = NO;
				CLANG_ANALYZER_NONNULL = YES;
				CLANG_ANALYZER_NUMBER_OBJECT_CONVERSION = YES_AGGRESSIVE;
				CLANG_CXX_LANGUAGE_STANDARD = "gnu++14";
				CLANG_CXX_LIBRARY = "libc++";
				CLANG_ENABLE_MODULES = YES;
				CLANG_ENABLE_OBJC_ARC = YES;
				CLANG_ENABLE_OBJC_WEAK = YES;
				CLANG_WARN_BLOCK_CAPTURE_AUTORELEASING = YES;
				CLANG_WARN_BOOL_CONVERSION = YES;
				CLANG_WARN_COMMA = YES;
				CLANG_WARN_CONSTANT_CONVERSION = YES;
				CLANG_WARN_DEPRECATED_OBJC_IMPLEMENTATIONS = YES;
				CLANG_WARN_DIRECT_OBJC_ISA_USAGE = YES_ERROR;
				CLANG_WARN_DOCUMENTATION_COMMENTS = YES;
				CLANG_WARN_EMPTY_BODY = YES;
				CLANG_WARN_ENUM_CONVERSION = YES;
				CLANG_WARN_INFINITE_RECURSION = YES;
				CLANG_WARN_INT_CONVERSION = YES;
				CLANG_WARN_NON_LITERAL_NULL_CONVERSION = YES;
				CLANG_WARN_OBJC_IMPLICIT_RETAIN_SELF = YES;
				CLANG_WARN_OBJC_LITERAL_CONVERSION = YES;
				CLANG_WARN_OBJC_ROOT_CLASS = YES_ERROR;
				CLANG_WARN_RANGE_LOOP_ANALYSIS = YES;
				CLANG_WARN_STRICT_PROTOTYPES = YES;
				CLANG_WARN_SUSPICIOUS_MOVE = YES;
				CLANG_WARN_UNGUARDED_AVAILABILITY = YES_AGGRESSIVE;
				CLANG_WARN_UNREACHABLE_CODE = YES;
				CLANG_WARN__DUPLICATE_METHOD_MATCH = YES;
				CODE_SIGN_IDENTITY = "iPhone Developer";
				COPY_PHASE_STRIP = NO;
				DEBUG_INFORMATION_FORMAT = dwarf;
				ENABLE_STRICT_OBJC_MSGSEND = YES;
				ENABLE_TESTABILITY = YES;
				GCC_C_LANGUAGE_STANDARD = gnu11;
				GCC_DYNAMIC_NO_PIC = NO;
				GCC_NO_COMMON_BLOCKS = YES;
				GCC_OPTIMIZATION_LEVEL = 0;
				GCC_PREPROCESSOR_DEFINITIONS = (
					"DEBUG=1",
					"$(inherited)",
				);
				GCC_WARN_64_TO_32_BIT_CONVERSION = YES;
				GCC_WARN_ABOUT_RETURN_TYPE = YES_ERROR;
				GCC_WARN_UNDECLARED_SELECTOR = YES;
				GCC_WARN_UNINITIALIZED_AUTOS = YES_AGGRESSIVE;
				GCC_WARN_UNUSED_FUNCTION = YES;
				GCC_WARN_UNUSED_VARIABLE = YES;
				IPHONEOS_DEPLOYMENT_TARGET = 11.4;
				MTL_ENABLE_DEBUG_INFO = YES;
				ONLY_ACTIVE_ARCH = YES;
				SDKROOT = iphoneos;
				SWIFT_ACTIVE_COMPILATION_CONDITIONS = DEBUG;
				SWIFT_OPTIMIZATION_LEVEL = "-Onone";
			};
			name = Debug;
		};
		23DF01B5224BDA4200164156 /* Release */ = {
			isa = XCBuildConfiguration;
			buildSettings = {
				ALWAYS_SEARCH_USER_PATHS = NO;
				CLANG_ANALYZER_NONNULL = YES;
				CLANG_ANALYZER_NUMBER_OBJECT_CONVERSION = YES_AGGRESSIVE;
				CLANG_CXX_LANGUAGE_STANDARD = "gnu++14";
				CLANG_CXX_LIBRARY = "libc++";
				CLANG_ENABLE_MODULES = YES;
				CLANG_ENABLE_OBJC_ARC = YES;
				CLANG_ENABLE_OBJC_WEAK = YES;
				CLANG_WARN_BLOCK_CAPTURE_AUTORELEASING = YES;
				CLANG_WARN_BOOL_CONVERSION = YES;
				CLANG_WARN_COMMA = YES;
				CLANG_WARN_CONSTANT_CONVERSION = YES;
				CLANG_WARN_DEPRECATED_OBJC_IMPLEMENTATIONS = YES;
				CLANG_WARN_DIRECT_OBJC_ISA_USAGE = YES_ERROR;
				CLANG_WARN_DOCUMENTATION_COMMENTS = YES;
				CLANG_WARN_EMPTY_BODY = YES;
				CLANG_WARN_ENUM_CONVERSION = YES;
				CLANG_WARN_INFINITE_RECURSION = YES;
				CLANG_WARN_INT_CONVERSION = YES;
				CLANG_WARN_NON_LITERAL_NULL_CONVERSION = YES;
				CLANG_WARN_OBJC_IMPLICIT_RETAIN_SELF = YES;
				CLANG_WARN_OBJC_LITERAL_CONVERSION = YES;
				CLANG_WARN_OBJC_ROOT_CLASS = YES_ERROR;
				CLANG_WARN_RANGE_LOOP_ANALYSIS = YES;
				CLANG_WARN_STRICT_PROTOTYPES = YES;
				CLANG_WARN_SUSPICIOUS_MOVE = YES;
				CLANG_WARN_UNGUARDED_AVAILABILITY = YES_AGGRESSIVE;
				CLANG_WARN_UNREACHABLE_CODE = YES;
				CLANG_WARN__DUPLICATE_METHOD_MATCH = YES;
				CODE_SIGN_IDENTITY = "iPhone Developer";
				COPY_PHASE_STRIP = NO;
				DEBUG_INFORMATION_FORMAT = "dwarf-with-dsym";
				ENABLE_NS_ASSERTIONS = NO;
				ENABLE_STRICT_OBJC_MSGSEND = YES;
				GCC_C_LANGUAGE_STANDARD = gnu11;
				GCC_NO_COMMON_BLOCKS = YES;
				GCC_WARN_64_TO_32_BIT_CONVERSION = YES;
				GCC_WARN_ABOUT_RETURN_TYPE = YES_ERROR;
				GCC_WARN_UNDECLARED_SELECTOR = YES;
				GCC_WARN_UNINITIALIZED_AUTOS = YES_AGGRESSIVE;
				GCC_WARN_UNUSED_FUNCTION = YES;
				GCC_WARN_UNUSED_VARIABLE = YES;
				IPHONEOS_DEPLOYMENT_TARGET = 11.4;
				MTL_ENABLE_DEBUG_INFO = NO;
				SDKROOT = iphoneos;
				SWIFT_COMPILATION_MODE = wholemodule;
				SWIFT_OPTIMIZATION_LEVEL = "-O";
				VALIDATE_PRODUCT = YES;
			};
			name = Release;
		};
		23DF01B7224BDA4200164156 /* Debug */ = {
			isa = XCBuildConfiguration;
			baseConfigurationReference = 514327CE16E4EA63DA7EDA5F /* Pods-PV239 project.debug.xcconfig */;
			buildSettings = {
				ASSETCATALOG_COMPILER_APPICON_NAME = AppIcon;
				CODE_SIGN_STYLE = Automatic;
				DEVELOPMENT_TEAM = N5T9955FV9;
				INFOPLIST_FILE = "PV239 project/Info.plist";
				LD_RUNPATH_SEARCH_PATHS = (
					"$(inherited)",
					"@executable_path/Frameworks",
				);
				PRODUCT_BUNDLE_IDENTIFIER = "cz.muni.fi.PV239-projectx";
				PRODUCT_NAME = "$(TARGET_NAME)";
				SWIFT_VERSION = 4.0;
				TARGETED_DEVICE_FAMILY = 1;
			};
			name = Debug;
		};
		23DF01B8224BDA4200164156 /* Release */ = {
			isa = XCBuildConfiguration;
			baseConfigurationReference = 413DB36B881C038478387161 /* Pods-PV239 project.release.xcconfig */;
			buildSettings = {
				ASSETCATALOG_COMPILER_APPICON_NAME = AppIcon;
				CODE_SIGN_STYLE = Automatic;
				DEVELOPMENT_TEAM = N5T9955FV9;
				INFOPLIST_FILE = "PV239 project/Info.plist";
				LD_RUNPATH_SEARCH_PATHS = (
					"$(inherited)",
					"@executable_path/Frameworks",
				);
				PRODUCT_BUNDLE_IDENTIFIER = "cz.muni.fi.PV239-projectx";
				PRODUCT_NAME = "$(TARGET_NAME)";
				SWIFT_VERSION = 4.0;
				TARGETED_DEVICE_FAMILY = 1;
			};
			name = Release;
		};
/* End XCBuildConfiguration section */

/* Begin XCConfigurationList section */
		23DF019D224BDA3E00164156 /* Build configuration list for PBXProject "PV239 project" */ = {
			isa = XCConfigurationList;
			buildConfigurations = (
				23DF01B4224BDA4200164156 /* Debug */,
				23DF01B5224BDA4200164156 /* Release */,
			);
			defaultConfigurationIsVisible = 0;
			defaultConfigurationName = Release;
		};
		23DF01B6224BDA4200164156 /* Build configuration list for PBXNativeTarget "PV239 project" */ = {
			isa = XCConfigurationList;
			buildConfigurations = (
				23DF01B7224BDA4200164156 /* Debug */,
				23DF01B8224BDA4200164156 /* Release */,
			);
			defaultConfigurationIsVisible = 0;
			defaultConfigurationName = Release;
		};
/* End XCConfigurationList section */
	};
	rootObject = 23DF019A224BDA3E00164156 /* Project object */;
}
